
Microsoft Visual Studio Solution File, Format Version 12.00
# Visual Studio 15
VisualStudioVersion = 15.0.28307.271
MinimumVisualStudioVersion = 10.0.40219.1
Project("{FAE04EC0-301F-11D3-BF4B-00C04F79EFBC}") = "DelMe", "DelMe\DelMe.csproj", "{05CA1893-1745-48E4-952F-D2F8C41DDC13}"
EndProject
Global
	GlobalSection(SolutionConfigurationPlatforms) = preSolution
		Debug|Any CPU = Debug|Any CPU
		Release|Any CPU = Release|Any CPU
	EndGlobalSection
	GlobalSection(ProjectConfigurationPlatforms) = postSolution
		{05CA1893-1745-48E4-952F-D2F8C41DDC13}.Debug|Any CPU.ActiveCfg = Debug|Any CPU
		{05CA1893-1745-48E4-952F-D2F8C41DDC13}.Debug|Any CPU.Build.0 = Debug|Any CPU
		{05CA1893-1745-48E4-952F-D2F8C41DDC13}.Release|Any CPU.ActiveCfg = Release|Any CPU
		{05CA1893-1745-48E4-952F-D2F8C41DDC13}.Release|Any CPU.Build.0 = Release|Any CPU
	EndGlobalSection
	GlobalSection(SolutionProperties) = preSolution
		HideSolutionNode = FALSE
	EndGlobalSection
	GlobalSection(ExtensibilityGlobals) = postSolution
		SolutionGuid = {FB216F52-3F39-4AA4-BA0E-636111C4A17C}
	EndGlobalSection
EndGlobal
